
Microsoft Visual Studio Solution File, Format Version 12.00
# Visual Studio Version 17
VisualStudioVersion = 17.9.34616.47
MinimumVisualStudioVersion = 10.0.40219.1
Project("{FAE04EC0-301F-11D3-BF4B-00C04F79EFBC}") = "Aula POO - 001", "Aula POO - 001\Aula POO - 001.csproj", "{5E544749-6938-4253-9272-94ABCBAF6610}"
EndProject
Project("{FAE04EC0-301F-11D3-BF4B-00C04F79EFBC}") = "Aula POO - 001 ex 1", "Aula POO - 001 ex 1\Aula POO - 001 ex 1.csproj", "{B79F8A91-E7CA-4C44-85CE-A861A09AE3A2}"
EndProject
Project("{FAE04EC0-301F-11D3-BF4B-00C04F79EFBC}") = "Aula POO - 001 ex 2", "Aula POO - 001 ex 2\Aula POO - 001 ex 2.csproj", "{2357BFA4-4170-4EA2-A0B8-FEFCF72F0E6C}"
EndProject
Project("{FAE04EC0-301F-11D3-BF4B-00C04F79EFBC}") = "Aula POO - 001 ex 3", "Aula POO - 001 ex 3\Aula POO - 001 ex 3.csproj", "{9CFCA785-4F20-4484-B934-F3E67796A3AD}"
EndProject
Project("{FAE04EC0-301F-11D3-BF4B-00C04F79EFBC}") = "Aula POO - 001 ex 4", "Aula POO - 001 ex 4\Aula POO - 001 ex 4.csproj", "{A2B62DC6-67D6-4947-A6F3-6B1F801B5FDA}"
EndProject
Project("{FAE04EC0-301F-11D3-BF4B-00C04F79EFBC}") = "Aula POO - 002", "Aula POO - 002\Aula POO - 002.csproj", "{B9CF3816-FE3F-4296-A33B-6565E991CD5A}"
EndProject
Project("{FAE04EC0-301F-11D3-BF4B-00C04F79EFBC}") = "Aula POO - 002 ex 1", "Aula POO - 002 ex 1\Aula POO - 002 ex 1.csproj", "{C1583A9F-C1D8-4FE6-BCBB-9325D74D9D05}"
EndProject
Project("{FAE04EC0-301F-11D3-BF4B-00C04F79EFBC}") = "Aula POO - 002 ex 2", "Aula POO - 002 ex 2\Aula POO - 002 ex 2.csproj", "{4D2E28DD-FF04-4236-B8C0-C32D669AC21B}"
EndProject
Project("{FAE04EC0-301F-11D3-BF4B-00C04F79EFBC}") = "Aula POO - 002 ex 3", "Aula POO - 002 ex 3\Aula POO - 002 ex 3.csproj", "{2AD6EFD8-6FF3-4767-A748-2D6CB7F567A9}"
EndProject
Project("{FAE04EC0-301F-11D3-BF4B-00C04F79EFBC}") = "Aula POO - 003", "Aula POO - 003\Aula POO - 003.csproj", "{2999EA3B-7329-4B51-8757-35F202A2C273}"
EndProject
Project("{FAE04EC0-301F-11D3-BF4B-00C04F79EFBC}") = "Aula POO - 003 ex 1", "Aula POO - 003 ex 1\Aula POO - 003 ex 1.csproj", "{A15E5E62-1632-408F-BBD7-94FB597F9415}"
EndProject
Project("{FAE04EC0-301F-11D3-BF4B-00C04F79EFBC}") = "Aula POO - 003 - ex 2", "Aula POO - 003 - ex 2\Aula POO - 003 - ex 2.csproj", "{9130EE29-623F-427F-A4EC-21C01FD73259}"
EndProject
Project("{FAE04EC0-301F-11D3-BF4B-00C04F79EFBC}") = "Aula POO - EX", "Aula POO - EX\Aula POO - EX.csproj", "{5AC02C21-C5A8-48DD-AA16-022B91CF8972}"
EndProject
Project("{FAE04EC0-301F-11D3-BF4B-00C04F79EFBC}") = "Aula POO - EX+", "Aula POO - EX+\Aula POO - EX+.csproj", "{7DCD59FB-E9C6-4150-8657-CCE22C5A3BDB}"
EndProject
Project("{FAE04EC0-301F-11D3-BF4B-00C04F79EFBC}") = "Ex Classes - Parte 2", "Ex Classes - Parte 2\Ex Classes - Parte 2.csproj", "{7FF6EADA-B9D9-4347-AF51-C4CAB11ED832}"
EndProject
Global
	GlobalSection(SolutionConfigurationPlatforms) = preSolution
		Debug|Any CPU = Debug|Any CPU
		Release|Any CPU = Release|Any CPU
	EndGlobalSection
	GlobalSection(ProjectConfigurationPlatforms) = postSolution
		{5E544749-6938-4253-9272-94ABCBAF6610}.Debug|Any CPU.ActiveCfg = Debug|Any CPU
		{5E544749-6938-4253-9272-94ABCBAF6610}.Debug|Any CPU.Build.0 = Debug|Any CPU
		{5E544749-6938-4253-9272-94ABCBAF6610}.Release|Any CPU.ActiveCfg = Release|Any CPU
		{5E544749-6938-4253-9272-94ABCBAF6610}.Release|Any CPU.Build.0 = Release|Any CPU
		{B79F8A91-E7CA-4C44-85CE-A861A09AE3A2}.Debug|Any CPU.ActiveCfg = Debug|Any CPU
		{B79F8A91-E7CA-4C44-85CE-A861A09AE3A2}.Debug|Any CPU.Build.0 = Debug|Any CPU
		{B79F8A91-E7CA-4C44-85CE-A861A09AE3A2}.Release|Any CPU.ActiveCfg = Release|Any CPU
		{B79F8A91-E7CA-4C44-85CE-A861A09AE3A2}.Release|Any CPU.Build.0 = Release|Any CPU
		{2357BFA4-4170-4EA2-A0B8-FEFCF72F0E6C}.Debug|Any CPU.ActiveCfg = Debug|Any CPU
		{2357BFA4-4170-4EA2-A0B8-FEFCF72F0E6C}.Debug|Any CPU.Build.0 = Debug|Any CPU
		{2357BFA4-4170-4EA2-A0B8-FEFCF72F0E6C}.Release|Any CPU.ActiveCfg = Release|Any CPU
		{2357BFA4-4170-4EA2-A0B8-FEFCF72F0E6C}.Release|Any CPU.Build.0 = Release|Any CPU
		{9CFCA785-4F20-4484-B934-F3E67796A3AD}.Debug|Any CPU.ActiveCfg = Debug|Any CPU
		{9CFCA785-4F20-4484-B934-F3E67796A3AD}.Debug|Any CPU.Build.0 = Debug|Any CPU
		{9CFCA785-4F20-4484-B934-F3E67796A3AD}.Release|Any CPU.ActiveCfg = Release|Any CPU
		{9CFCA785-4F20-4484-B934-F3E67796A3AD}.Release|Any CPU.Build.0 = Release|Any CPU
		{A2B62DC6-67D6-4947-A6F3-6B1F801B5FDA}.Debug|Any CPU.ActiveCfg = Debug|Any CPU
		{A2B62DC6-67D6-4947-A6F3-6B1F801B5FDA}.Debug|Any CPU.Build.0 = Debug|Any CPU
		{A2B62DC6-67D6-4947-A6F3-6B1F801B5FDA}.Release|Any CPU.ActiveCfg = Release|Any CPU
		{A2B62DC6-67D6-4947-A6F3-6B1F801B5FDA}.Release|Any CPU.Build.0 = Release|Any CPU
		{B9CF3816-FE3F-4296-A33B-6565E991CD5A}.Debug|Any CPU.ActiveCfg = Debug|Any CPU
		{B9CF3816-FE3F-4296-A33B-6565E991CD5A}.Debug|Any CPU.Build.0 = Debug|Any CPU
		{B9CF3816-FE3F-4296-A33B-6565E991CD5A}.Release|Any CPU.ActiveCfg = Release|Any CPU
		{B9CF3816-FE3F-4296-A33B-6565E991CD5A}.Release|Any CPU.Build.0 = Release|Any CPU
		{C1583A9F-C1D8-4FE6-BCBB-9325D74D9D05}.Debug|Any CPU.ActiveCfg = Debug|Any CPU
		{C1583A9F-C1D8-4FE6-BCBB-9325D74D9D05}.Debug|Any CPU.Build.0 = Debug|Any CPU
		{C1583A9F-C1D8-4FE6-BCBB-9325D74D9D05}.Release|Any CPU.ActiveCfg = Release|Any CPU
		{C1583A9F-C1D8-4FE6-BCBB-9325D74D9D05}.Release|Any CPU.Build.0 = Release|Any CPU
		{4D2E28DD-FF04-4236-B8C0-C32D669AC21B}.Debug|Any CPU.ActiveCfg = Debug|Any CPU
		{4D2E28DD-FF04-4236-B8C0-C32D669AC21B}.Debug|Any CPU.Build.0 = Debug|Any CPU
		{4D2E28DD-FF04-4236-B8C0-C32D669AC21B}.Release|Any CPU.ActiveCfg = Release|Any CPU
		{4D2E28DD-FF04-4236-B8C0-C32D669AC21B}.Release|Any CPU.Build.0 = Release|Any CPU
		{2AD6EFD8-6FF3-4767-A748-2D6CB7F567A9}.Debug|Any CPU.ActiveCfg = Debug|Any CPU
		{2AD6EFD8-6FF3-4767-A748-2D6CB7F567A9}.Debug|Any CPU.Build.0 = Debug|Any CPU
		{2AD6EFD8-6FF3-4767-A748-2D6CB7F567A9}.Release|Any CPU.ActiveCfg = Release|Any CPU
		{2AD6EFD8-6FF3-4767-A748-2D6CB7F567A9}.Release|Any CPU.Build.0 = Release|Any CPU
		{2999EA3B-7329-4B51-8757-35F202A2C273}.Debug|Any CPU.ActiveCfg = Debug|Any CPU
		{2999EA3B-7329-4B51-8757-35F202A2C273}.Debug|Any CPU.Build.0 = Debug|Any CPU
		{2999EA3B-7329-4B51-8757-35F202A2C273}.Release|Any CPU.ActiveCfg = Release|Any CPU
		{2999EA3B-7329-4B51-8757-35F202A2C273}.Release|Any CPU.Build.0 = Release|Any CPU
		{A15E5E62-1632-408F-BBD7-94FB597F9415}.Debug|Any CPU.ActiveCfg = Debug|Any CPU
		{A15E5E62-1632-408F-BBD7-94FB597F9415}.Debug|Any CPU.Build.0 = Debug|Any CPU
		{A15E5E62-1632-408F-BBD7-94FB597F9415}.Release|Any CPU.ActiveCfg = Release|Any CPU
		{A15E5E62-1632-408F-BBD7-94FB597F9415}.Release|Any CPU.Build.0 = Release|Any CPU
		{9130EE29-623F-427F-A4EC-21C01FD73259}.Debug|Any CPU.ActiveCfg = Debug|Any CPU
		{9130EE29-623F-427F-A4EC-21C01FD73259}.Debug|Any CPU.Build.0 = Debug|Any CPU
		{9130EE29-623F-427F-A4EC-21C01FD73259}.Release|Any CPU.ActiveCfg = Release|Any CPU
		{9130EE29-623F-427F-A4EC-21C01FD73259}.Release|Any CPU.Build.0 = Release|Any CPU
		{5AC02C21-C5A8-48DD-AA16-022B91CF8972}.Debug|Any CPU.ActiveCfg = Debug|Any CPU
		{5AC02C21-C5A8-48DD-AA16-022B91CF8972}.Debug|Any CPU.Build.0 = Debug|Any CPU
		{5AC02C21-C5A8-48DD-AA16-022B91CF8972}.Release|Any CPU.ActiveCfg = Release|Any CPU
		{5AC02C21-C5A8-48DD-AA16-022B91CF8972}.Release|Any CPU.Build.0 = Release|Any CPU
		{7DCD59FB-E9C6-4150-8657-CCE22C5A3BDB}.Debug|Any CPU.ActiveCfg = Debug|Any CPU
		{7DCD59FB-E9C6-4150-8657-CCE22C5A3BDB}.Debug|Any CPU.Build.0 = Debug|Any CPU
		{7DCD59FB-E9C6-4150-8657-CCE22C5A3BDB}.Release|Any CPU.ActiveCfg = Release|Any CPU
		{7DCD59FB-E9C6-4150-8657-CCE22C5A3BDB}.Release|Any CPU.Build.0 = Release|Any CPU
		{7FF6EADA-B9D9-4347-AF51-C4CAB11ED832}.Debug|Any CPU.ActiveCfg = Debug|Any CPU
		{7FF6EADA-B9D9-4347-AF51-C4CAB11ED832}.Debug|Any CPU.Build.0 = Debug|Any CPU
		{7FF6EADA-B9D9-4347-AF51-C4CAB11ED832}.Release|Any CPU.ActiveCfg = Release|Any CPU
		{7FF6EADA-B9D9-4347-AF51-C4CAB11ED832}.Release|Any CPU.Build.0 = Release|Any CPU
	EndGlobalSection
	GlobalSection(SolutionProperties) = preSolution
		HideSolutionNode = FALSE
	EndGlobalSection
	GlobalSection(ExtensibilityGlobals) = postSolution
		SolutionGuid = {71CBC408-BD20-4338-8D0D-1F5E1A8654BB}
	EndGlobalSection
EndGlobal
